// !$*UTF8*$!
{
	archiveVersion = 1;
	classes = {
	};
	objectVersion = 56;
	objects = {

/* Begin PBXBuildFile section */
		AFFE6E1A29E1CCDD00C9A00E /* bit_mortgageApp.swift in Sources */ = {isa = PBXBuildFile; fileRef = AFFE6E1929E1CCDD00C9A00E /* bit_mortgageApp.swift */; };
		AFFE6E1C29E1CCDD00C9A00E /* ContentView.swift in Sources */ = {isa = PBXBuildFile; fileRef = AFFE6E1B29E1CCDD00C9A00E /* ContentView.swift */; };
		AFFE6E1E29E1CCDE00C9A00E /* Assets.xcassets in Resources */ = {isa = PBXBuildFile; fileRef = AFFE6E1D29E1CCDE00C9A00E /* Assets.xcassets */; };
		AFFE6E2129E1CCDE00C9A00E /* Preview Assets.xcassets in Resources */ = {isa = PBXBuildFile; fileRef = AFFE6E2029E1CCDE00C9A00E /* Preview Assets.xcassets */; };
		AFFE6E2B29E1CCDE00C9A00E /* bit_mortgageTests.swift in Sources */ = {isa = PBXBuildFile; fileRef = AFFE6E2A29E1CCDE00C9A00E /* bit_mortgageTests.swift */; };
		AFFE6E3529E1CCDE00C9A00E /* bit_mortgageUITests.swift in Sources */ = {isa = PBXBuildFile; fileRef = AFFE6E3429E1CCDE00C9A00E /* bit_mortgageUITests.swift */; };
		AFFE6E3729E1CCDE00C9A00E /* bit_mortgageUITestsLaunchTests.swift in Sources */ = {isa = PBXBuildFile; fileRef = AFFE6E3629E1CCDE00C9A00E /* bit_mortgageUITestsLaunchTests.swift */; };
		AFFE6E4529E2612700C9A00E /* SwiftSoup in Frameworks */ = {isa = PBXBuildFile; productRef = AFFE6E4429E2612700C9A00E /* SwiftSoup */; };
/* End PBXBuildFile section */

/* Begin PBXContainerItemProxy section */
		AFFE6E2729E1CCDE00C9A00E /* PBXContainerItemProxy */ = {
			isa = PBXContainerItemProxy;
			containerPortal = AFFE6E0E29E1CCDD00C9A00E /* Project object */;
			proxyType = 1;
			remoteGlobalIDString = AFFE6E1529E1CCDD00C9A00E;
			remoteInfo = bit.mortgage;
		};
		AFFE6E3129E1CCDE00C9A00E /* PBXContainerItemProxy */ = {
			isa = PBXContainerItemProxy;
			containerPortal = AFFE6E0E29E1CCDD00C9A00E /* Project object */;
			proxyType = 1;
			remoteGlobalIDString = AFFE6E1529E1CCDD00C9A00E;
			remoteInfo = bit.mortgage;
		};
/* End PBXContainerItemProxy section */

/* Begin PBXFileReference section */
		AFFE6E1629E1CCDD00C9A00E /* bit.mortgage.app */ = {isa = PBXFileReference; explicitFileType = wrapper.application; includeInIndex = 0; path = bit.mortgage.app; sourceTree = BUILT_PRODUCTS_DIR; };
		AFFE6E1929E1CCDD00C9A00E /* bit_mortgageApp.swift */ = {isa = PBXFileReference; lastKnownFileType = sourcecode.swift; path = bit_mortgageApp.swift; sourceTree = "<group>"; };
		AFFE6E1B29E1CCDD00C9A00E /* ContentView.swift */ = {isa = PBXFileReference; lastKnownFileType = sourcecode.swift; path = ContentView.swift; sourceTree = "<group>"; };
		AFFE6E1D29E1CCDE00C9A00E /* Assets.xcassets */ = {isa = PBXFileReference; lastKnownFileType = folder.assetcatalog; path = Assets.xcassets; sourceTree = "<group>"; };
		AFFE6E2029E1CCDE00C9A00E /* Preview Assets.xcassets */ = {isa = PBXFileReference; lastKnownFileType = folder.assetcatalog; path = "Preview Assets.xcassets"; sourceTree = "<group>"; };
		AFFE6E2629E1CCDE00C9A00E /* bit.mortgageTests.xctest */ = {isa = PBXFileReference; explicitFileType = wrapper.cfbundle; includeInIndex = 0; path = bit.mortgageTests.xctest; sourceTree = BUILT_PRODUCTS_DIR; };
		AFFE6E2A29E1CCDE00C9A00E /* bit_mortgageTests.swift */ = {isa = PBXFileReference; lastKnownFileType = sourcecode.swift; path = bit_mortgageTests.swift; sourceTree = "<group>"; };
		AFFE6E3029E1CCDE00C9A00E /* bit.mortgageUITests.xctest */ = {isa = PBXFileReference; explicitFileType = wrapper.cfbundle; includeInIndex = 0; path = bit.mortgageUITests.xctest; sourceTree = BUILT_PRODUCTS_DIR; };
		AFFE6E3429E1CCDE00C9A00E /* bit_mortgageUITests.swift */ = {isa = PBXFileReference; lastKnownFileType = sourcecode.swift; path = bit_mortgageUITests.swift; sourceTree = "<group>"; };
		AFFE6E3629E1CCDE00C9A00E /* bit_mortgageUITestsLaunchTests.swift */ = {isa = PBXFileReference; lastKnownFileType = sourcecode.swift; path = bit_mortgageUITestsLaunchTests.swift; sourceTree = "<group>"; };
/* End PBXFileReference section */

/* Begin PBXFrameworksBuildPhase section */
		AFFE6E1329E1CCDD00C9A00E /* Frameworks */ = {
			isa = PBXFrameworksBuildPhase;
			buildActionMask = 2147483647;
			files = (
				AFFE6E4529E2612700C9A00E /* SwiftSoup in Frameworks */,
			);
			runOnlyForDeploymentPostprocessing = 0;
		};
		AFFE6E2329E1CCDE00C9A00E /* Frameworks */ = {
			isa = PBXFrameworksBuildPhase;
			buildActionMask = 2147483647;
			files = (
			);
			runOnlyForDeploymentPostprocessing = 0;
		};
		AFFE6E2D29E1CCDE00C9A00E /* Frameworks */ = {
			isa = PBXFrameworksBuildPhase;
			buildActionMask = 2147483647;
			files = (
			);
			runOnlyForDeploymentPostprocessing = 0;
		};
/* End PBXFrameworksBuildPhase section */

/* Begin PBXGroup section */
		AFFE6E0D29E1CCDD00C9A00E = {
			isa = PBXGroup;
			children = (
				AFFE6E1829E1CCDD00C9A00E /* bit.mortgage */,
				AFFE6E2929E1CCDE00C9A00E /* bit.mortgageTests */,
				AFFE6E3329E1CCDE00C9A00E /* bit.mortgageUITests */,
				AFFE6E1729E1CCDD00C9A00E /* Products */,
			);
			sourceTree = "<group>";
		};
		AFFE6E1729E1CCDD00C9A00E /* Products */ = {
			isa = PBXGroup;
			children = (
				AFFE6E1629E1CCDD00C9A00E /* bit.mortgage.app */,
				AFFE6E2629E1CCDE00C9A00E /* bit.mortgageTests.xctest */,
				AFFE6E3029E1CCDE00C9A00E /* bit.mortgageUITests.xctest */,
			);
			name = Products;
			sourceTree = "<group>";
		};
		AFFE6E1829E1CCDD00C9A00E /* bit.mortgage */ = {
			isa = PBXGroup;
			children = (
				AFFE6E1929E1CCDD00C9A00E /* bit_mortgageApp.swift */,
				AFFE6E1B29E1CCDD00C9A00E /* ContentView.swift */,
				AFFE6E1D29E1CCDE00C9A00E /* Assets.xcassets */,
				AFFE6E1F29E1CCDE00C9A00E /* Preview Content */,
			);
			path = bit.mortgage;
			sourceTree = "<group>";
		};
		AFFE6E1F29E1CCDE00C9A00E /* Preview Content */ = {
			isa = PBXGroup;
			children = (
				AFFE6E2029E1CCDE00C9A00E /* Preview Assets.xcassets */,
			);
			path = "Preview Content";
			sourceTree = "<group>";
		};
		AFFE6E2929E1CCDE00C9A00E /* bit.mortgageTests */ = {
			isa = PBXGroup;
			children = (
				AFFE6E2A29E1CCDE00C9A00E /* bit_mortgageTests.swift */,
			);
			path = bit.mortgageTests;
			sourceTree = "<group>";
		};
		AFFE6E3329E1CCDE00C9A00E /* bit.mortgageUITests */ = {
			isa = PBXGroup;
			children = (
				AFFE6E3429E1CCDE00C9A00E /* bit_mortgageUITests.swift */,
				AFFE6E3629E1CCDE00C9A00E /* bit_mortgageUITestsLaunchTests.swift */,
			);
			path = bit.mortgageUITests;
			sourceTree = "<group>";
		};
/* End PBXGroup section */

/* Begin PBXNativeTarget section */
		AFFE6E1529E1CCDD00C9A00E /* bit.mortgage */ = {
			isa = PBXNativeTarget;
			buildConfigurationList = AFFE6E3A29E1CCDE00C9A00E /* Build configuration list for PBXNativeTarget "bit.mortgage" */;
			buildPhases = (
				AFFE6E1229E1CCDD00C9A00E /* Sources */,
				AFFE6E1329E1CCDD00C9A00E /* Frameworks */,
				AFFE6E1429E1CCDD00C9A00E /* Resources */,
			);
			buildRules = (
			);
			dependencies = (
			);
			name = bit.mortgage;
			packageProductDependencies = (
				AFFE6E4429E2612700C9A00E /* SwiftSoup */,
			);
			productName = bit.mortgage;
			productReference = AFFE6E1629E1CCDD00C9A00E /* bit.mortgage.app */;
			productType = "com.apple.product-type.application";
		};
		AFFE6E2529E1CCDE00C9A00E /* bit.mortgageTests */ = {
			isa = PBXNativeTarget;
			buildConfigurationList = AFFE6E3D29E1CCDE00C9A00E /* Build configuration list for PBXNativeTarget "bit.mortgageTests" */;
			buildPhases = (
				AFFE6E2229E1CCDE00C9A00E /* Sources */,
				AFFE6E2329E1CCDE00C9A00E /* Frameworks */,
				AFFE6E2429E1CCDE00C9A00E /* Resources */,
			);
			buildRules = (
			);
			dependencies = (
				AFFE6E2829E1CCDE00C9A00E /* PBXTargetDependency */,
			);
			name = bit.mortgageTests;
			productName = bit.mortgageTests;
			productReference = AFFE6E2629E1CCDE00C9A00E /* bit.mortgageTests.xctest */;
			productType = "com.apple.product-type.bundle.unit-test";
		};
		AFFE6E2F29E1CCDE00C9A00E /* bit.mortgageUITests */ = {
			isa = PBXNativeTarget;
			buildConfigurationList = AFFE6E4029E1CCDE00C9A00E /* Build configuration list for PBXNativeTarget "bit.mortgageUITests" */;
			buildPhases = (
				AFFE6E2C29E1CCDE00C9A00E /* Sources */,
				AFFE6E2D29E1CCDE00C9A00E /* Frameworks */,
				AFFE6E2E29E1CCDE00C9A00E /* Resources */,
			);
			buildRules = (
			);
			dependencies = (
				AFFE6E3229E1CCDE00C9A00E /* PBXTargetDependency */,
			);
			name = bit.mortgageUITests;
			productName = bit.mortgageUITests;
			productReference = AFFE6E3029E1CCDE00C9A00E /* bit.mortgageUITests.xctest */;
			productType = "com.apple.product-type.bundle.ui-testing";
		};
/* End PBXNativeTarget section */

/* Begin PBXProject section */
		AFFE6E0E29E1CCDD00C9A00E /* Project object */ = {
			isa = PBXProject;
			attributes = {
				BuildIndependentTargetsInParallel = 1;
				LastSwiftUpdateCheck = 1430;
				LastUpgradeCheck = 1430;
				TargetAttributes = {
					AFFE6E1529E1CCDD00C9A00E = {
						CreatedOnToolsVersion = 14.3;
					};
					AFFE6E2529E1CCDE00C9A00E = {
						CreatedOnToolsVersion = 14.3;
						TestTargetID = AFFE6E1529E1CCDD00C9A00E;
					};
					AFFE6E2F29E1CCDE00C9A00E = {
						CreatedOnToolsVersion = 14.3;
						TestTargetID = AFFE6E1529E1CCDD00C9A00E;
					};
				};
			};
			buildConfigurationList = AFFE6E1129E1CCDD00C9A00E /* Build configuration list for PBXProject "bit.mortgage" */;
			compatibilityVersion = "Xcode 14.0";
			developmentRegion = en;
			hasScannedForEncodings = 0;
			knownRegions = (
				en,
				Base,
			);
			mainGroup = AFFE6E0D29E1CCDD00C9A00E;
			packageReferences = (
				AFFE6E4329E2612700C9A00E /* XCRemoteSwiftPackageReference "SwiftSoup" */,
			);
			productRefGroup = AFFE6E1729E1CCDD00C9A00E /* Products */;
			projectDirPath = "";
			projectRoot = "";
			targets = (
				AFFE6E1529E1CCDD00C9A00E /* bit.mortgage */,
				AFFE6E2529E1CCDE00C9A00E /* bit.mortgageTests */,
				AFFE6E2F29E1CCDE00C9A00E /* bit.mortgageUITests */,
			);
		};
/* End PBXProject section */

/* Begin PBXResourcesBuildPhase section */
		AFFE6E1429E1CCDD00C9A00E /* Resources */ = {
			isa = PBXResourcesBuildPhase;
			buildActionMask = 2147483647;
			files = (
				AFFE6E2129E1CCDE00C9A00E /* Preview Assets.xcassets in Resources */,
				AFFE6E1E29E1CCDE00C9A00E /* Assets.xcassets in Resources */,
			);
			runOnlyForDeploymentPostprocessing = 0;
		};
		AFFE6E2429E1CCDE00C9A00E /* Resources */ = {
			isa = PBXResourcesBuildPhase;
			buildActionMask = 2147483647;
			files = (
			);
			runOnlyForDeploymentPostprocessing = 0;
		};
		AFFE6E2E29E1CCDE00C9A00E /* Resources */ = {
			isa = PBXResourcesBuildPhase;
			buildActionMask = 2147483647;
			files = (
			);
			runOnlyForDeploymentPostprocessing = 0;
		};
/* End PBXResourcesBuildPhase section */

/* Begin PBXSourcesBuildPhase section */
		AFFE6E1229E1CCDD00C9A00E /* Sources */ = {
			isa = PBXSourcesBuildPhase;
			buildActionMask = 2147483647;
			files = (
				AFFE6E1C29E1CCDD00C9A00E /* ContentView.swift in Sources */,
				AFFE6E1A29E1CCDD00C9A00E /* bit_mortgageApp.swift in Sources */,
			);
			runOnlyForDeploymentPostprocessing = 0;
		};
		AFFE6E2229E1CCDE00C9A00E /* Sources */ = {
			isa = PBXSourcesBuildPhase;
			buildActionMask = 2147483647;
			files = (
				AFFE6E2B29E1CCDE00C9A00E /* bit_mortgageTests.swift in Sources */,
			);
			runOnlyForDeploymentPostprocessing = 0;
		};
		AFFE6E2C29E1CCDE00C9A00E /* Sources */ = {
			isa = PBXSourcesBuildPhase;
			buildActionMask = 2147483647;
			files = (
				AFFE6E3729E1CCDE00C9A00E /* bit_mortgageUITestsLaunchTests.swift in Sources */,
				AFFE6E3529E1CCDE00C9A00E /* bit_mortgageUITests.swift in Sources */,
			);
			runOnlyForDeploymentPostprocessing = 0;
		};
/* End PBXSourcesBuildPhase section */

/* Begin PBXTargetDependency section */
		AFFE6E2829E1CCDE00C9A00E /* PBXTargetDependency */ = {
			isa = PBXTargetDependency;
			target = AFFE6E1529E1CCDD00C9A00E /* bit.mortgage */;
			targetProxy = AFFE6E2729E1CCDE00C9A00E /* PBXContainerItemProxy */;
		};
		AFFE6E3229E1CCDE00C9A00E /* PBXTargetDependency */ = {
			isa = PBXTargetDependency;
			target = AFFE6E1529E1CCDD00C9A00E /* bit.mortgage */;
			targetProxy = AFFE6E3129E1CCDE00C9A00E /* PBXContainerItemProxy */;
		};
/* End PBXTargetDependency section */

/* Begin XCBuildConfiguration section */
		AFFE6E3829E1CCDE00C9A00E /* Debug */ = {
			isa = XCBuildConfiguration;
			buildSettings = {
				ALWAYS_SEARCH_USER_PATHS = NO;
				CLANG_ANALYZER_NONNULL = YES;
				CLANG_ANALYZER_NUMBER_OBJECT_CONVERSION = YES_AGGRESSIVE;
				CLANG_CXX_LANGUAGE_STANDARD = "gnu++20";
				CLANG_ENABLE_MODULES = YES;
				CLANG_ENABLE_OBJC_ARC = YES;
				CLANG_ENABLE_OBJC_WEAK = YES;
				CLANG_WARN_BLOCK_CAPTURE_AUTORELEASING = YES;
				CLANG_WARN_BOOL_CONVERSION = YES;
				CLANG_WARN_COMMA = YES;
				CLANG_WARN_CONSTANT_CONVERSION = YES;
				CLANG_WARN_DEPRECATED_OBJC_IMPLEMENTATIONS = YES;
				CLANG_WARN_DIRECT_OBJC_ISA_USAGE = YES_ERROR;
				CLANG_WARN_DOCUMENTATION_COMMENTS = YES;
				CLANG_WARN_EMPTY_BODY = YES;
				CLANG_WARN_ENUM_CONVERSION = YES;
				CLANG_WARN_INFINITE_RECURSION = YES;
				CLANG_WARN_INT_CONVERSION = YES;
				CLANG_WARN_NON_LITERAL_NULL_CONVERSION = YES;
				CLANG_WARN_OBJC_IMPLICIT_RETAIN_SELF = YES;
				CLANG_WARN_OBJC_LITERAL_CONVERSION = YES;
				CLANG_WARN_OBJC_ROOT_CLASS = YES_ERROR;
				CLANG_WARN_QUOTED_INCLUDE_IN_FRAMEWORK_HEADER = YES;
				CLANG_WARN_RANGE_LOOP_ANALYSIS = YES;
				CLANG_WARN_STRICT_PROTOTYPES = YES;
				CLANG_WARN_SUSPICIOUS_MOVE = YES;
				CLANG_WARN_UNGUARDED_AVAILABILITY = YES_AGGRESSIVE;
				CLANG_WARN_UNREACHABLE_CODE = YES;
				CLANG_WARN__DUPLICATE_METHOD_MATCH = YES;
				COPY_PHASE_STRIP = NO;
				DEBUG_INFORMATION_FORMAT = dwarf;
				ENABLE_STRICT_OBJC_MSGSEND = YES;
				ENABLE_TESTABILITY = YES;
				GCC_C_LANGUAGE_STANDARD = gnu11;
				GCC_DYNAMIC_NO_PIC = NO;
				GCC_NO_COMMON_BLOCKS = YES;
				GCC_OPTIMIZATION_LEVEL = 0;
				GCC_PREPROCESSOR_DEFINITIONS = (
					"DEBUG=1",
					"$(inherited)",
				);
				GCC_WARN_64_TO_32_BIT_CONVERSION = YES;
				GCC_WARN_ABOUT_RETURN_TYPE = YES_ERROR;
				GCC_WARN_UNDECLARED_SELECTOR = YES;
				GCC_WARN_UNINITIALIZED_AUTOS = YES_AGGRESSIVE;
				GCC_WARN_UNUSED_FUNCTION = YES;
				GCC_WARN_UNUSED_VARIABLE = YES;
				IPHONEOS_DEPLOYMENT_TARGET = 16.4;
				MTL_ENABLE_DEBUG_INFO = INCLUDE_SOURCE;
				MTL_FAST_MATH = YES;
				ONLY_ACTIVE_ARCH = YES;
				SDKROOT = iphoneos;
				SWIFT_ACTIVE_COMPILATION_CONDITIONS = DEBUG;
				SWIFT_OPTIMIZATION_LEVEL = "-Onone";
			};
			name = Debug;
		};
		AFFE6E3929E1CCDE00C9A00E /* Release */ = {
			isa = XCBuildConfiguration;
			buildSettings = {
				ALWAYS_SEARCH_USER_PATHS = NO;
				CLANG_ANALYZER_NONNULL = YES;
				CLANG_ANALYZER_NUMBER_OBJECT_CONVERSION = YES_AGGRESSIVE;
				CLANG_CXX_LANGUAGE_STANDARD = "gnu++20";
				CLANG_ENABLE_MODULES = YES;
				CLANG_ENABLE_OBJC_ARC = YES;
				CLANG_ENABLE_OBJC_WEAK = YES;
				CLANG_WARN_BLOCK_CAPTURE_AUTORELEASING = YES;
				CLANG_WARN_BOOL_CONVERSION = YES;
				CLANG_WARN_COMMA = YES;
				CLANG_WARN_CONSTANT_CONVERSION = YES;
				CLANG_WARN_DEPRECATED_OBJC_IMPLEMENTATIONS = YES;
				CLANG_WARN_DIRECT_OBJC_ISA_USAGE = YES_ERROR;
				CLANG_WARN_DOCUMENTATION_COMMENTS = YES;
				CLANG_WARN_EMPTY_BODY = YES;
				CLANG_WARN_ENUM_CONVERSION = YES;
				CLANG_WARN_INFINITE_RECURSION = YES;
				CLANG_WARN_INT_CONVERSION = YES;
				CLANG_WARN_NON_LITERAL_NULL_CONVERSION = YES;
				CLANG_WARN_OBJC_IMPLICIT_RETAIN_SELF = YES;
				CLANG_WARN_OBJC_LITERAL_CONVERSION = YES;
				CLANG_WARN_OBJC_ROOT_CLASS = YES_ERROR;
				CLANG_WARN_QUOTED_INCLUDE_IN_FRAMEWORK_HEADER = YES;
				CLANG_WARN_RANGE_LOOP_ANALYSIS = YES;
				CLANG_WARN_STRICT_PROTOTYPES = YES;
				CLANG_WARN_SUSPICIOUS_MOVE = YES;
				CLANG_WARN_UNGUARDED_AVAILABILITY = YES_AGGRESSIVE;
				CLANG_WARN_UNREACHABLE_CODE = YES;
				CLANG_WARN__DUPLICATE_METHOD_MATCH = YES;
				COPY_PHASE_STRIP = NO;
				DEBUG_INFORMATION_FORMAT = "dwarf-with-dsym";
				ENABLE_NS_ASSERTIONS = NO;
				ENABLE_STRICT_OBJC_MSGSEND = YES;
				GCC_C_LANGUAGE_STANDARD = gnu11;
				GCC_NO_COMMON_BLOCKS = YES;
				GCC_WARN_64_TO_32_BIT_CONVERSION = YES;
				GCC_WARN_ABOUT_RETURN_TYPE = YES_ERROR;
				GCC_WARN_UNDECLARED_SELECTOR = YES;
				GCC_WARN_UNINITIALIZED_AUTOS = YES_AGGRESSIVE;
				GCC_WARN_UNUSED_FUNCTION = YES;
				GCC_WARN_UNUSED_VARIABLE = YES;
				IPHONEOS_DEPLOYMENT_TARGET = 16.4;
				MTL_ENABLE_DEBUG_INFO = NO;
				MTL_FAST_MATH = YES;
				SDKROOT = iphoneos;
				SWIFT_COMPILATION_MODE = wholemodule;
				SWIFT_OPTIMIZATION_LEVEL = "-O";
				VALIDATE_PRODUCT = YES;
			};
			name = Release;
		};
		AFFE6E3B29E1CCDE00C9A00E /* Debug */ = {
			isa = XCBuildConfiguration;
			buildSettings = {
				ASSETCATALOG_COMPILER_APPICON_NAME = AppIcon;
				ASSETCATALOG_COMPILER_GLOBAL_ACCENT_COLOR_NAME = AccentColor;
				CODE_SIGN_STYLE = Automatic;
				CURRENT_PROJECT_VERSION = 1;
				DEVELOPMENT_ASSET_PATHS = "\"bit.mortgage/Preview Content\"";
				DEVELOPMENT_TEAM = 2JBV2B2A9A;
				ENABLE_PREVIEWS = YES;
				GENERATE_INFOPLIST_FILE = YES;
				INFOPLIST_KEY_UIApplicationSceneManifest_Generation = YES;
				INFOPLIST_KEY_UIApplicationSupportsIndirectInputEvents = YES;
				INFOPLIST_KEY_UILaunchScreen_Generation = YES;
				INFOPLIST_KEY_UISupportedInterfaceOrientations_iPad = "UIInterfaceOrientationPortrait UIInterfaceOrientationPortraitUpsideDown UIInterfaceOrientationLandscapeLeft UIInterfaceOrientationLandscapeRight";
				INFOPLIST_KEY_UISupportedInterfaceOrientations_iPhone = "UIInterfaceOrientationPortrait UIInterfaceOrientationLandscapeLeft UIInterfaceOrientationLandscapeRight";
				IPHONEOS_DEPLOYMENT_TARGET = 16.1;
				LD_RUNPATH_SEARCH_PATHS = (
					"$(inherited)",
					"@executable_path/Frameworks",
				);
				MARKETING_VERSION = 1.0;
				PRODUCT_BUNDLE_IDENTIFIER = "personal.bit-mortgage";
				PRODUCT_NAME = "$(TARGET_NAME)";
				SWIFT_EMIT_LOC_STRINGS = YES;
				SWIFT_VERSION = 5.0;
				TARGETED_DEVICE_FAMILY = "1,2";
			};
			name = Debug;
		};
		AFFE6E3C29E1CCDE00C9A00E /* Release */ = {
			isa = XCBuildConfiguration;
			buildSettings = {
				ASSETCATALOG_COMPILER_APPICON_NAME = AppIcon;
				ASSETCATALOG_COMPILER_GLOBAL_ACCENT_COLOR_NAME = AccentColor;
				CODE_SIGN_STYLE = Automatic;
				CURRENT_PROJECT_VERSION = 1;
				DEVELOPMENT_ASSET_PATHS = "\"bit.mortgage/Preview Content\"";
				DEVELOPMENT_TEAM = 2JBV2B2A9A;
				ENABLE_PREVIEWS = YES;
				GENERATE_INFOPLIST_FILE = YES;
				INFOPLIST_KEY_UIApplicationSceneManifest_Generation = YES;
				INFOPLIST_KEY_UIApplicationSupportsIndirectInputEvents = YES;
				INFOPLIST_KEY_UILaunchScreen_Generation = YES;
				INFOPLIST_KEY_UISupportedInterfaceOrientations_iPad = "UIInterfaceOrientationPortrait UIInterfaceOrientationPortraitUpsideDown UIInterfaceOrientationLandscapeLeft UIInterfaceOrientationLandscapeRight";
				INFOPLIST_KEY_UISupportedInterfaceOrientations_iPhone = "UIInterfaceOrientationPortrait UIInterfaceOrientationLandscapeLeft UIInterfaceOrientationLandscapeRight";
				IPHONEOS_DEPLOYMENT_TARGET = 16.1;
				LD_RUNPATH_SEARCH_PATHS = (
					"$(inherited)",
					"@executable_path/Frameworks",
				);
				MARKETING_VERSION = 1.0;
				PRODUCT_BUNDLE_IDENTIFIER = "personal.bit-mortgage";
				PRODUCT_NAME = "$(TARGET_NAME)";
				SWIFT_EMIT_LOC_STRINGS = YES;
				SWIFT_VERSION = 5.0;
				TARGETED_DEVICE_FAMILY = "1,2";
			};
			name = Release;
		};
		AFFE6E3E29E1CCDE00C9A00E /* Debug */ = {
			isa = XCBuildConfiguration;
			buildSettings = {
				ALWAYS_EMBED_SWIFT_STANDARD_LIBRARIES = YES;
				BUNDLE_LOADER = "$(TEST_HOST)";
				CODE_SIGN_STYLE = Automatic;
				CURRENT_PROJECT_VERSION = 1;
				DEVELOPMENT_TEAM = 2JBV2B2A9A;
				GENERATE_INFOPLIST_FILE = YES;
				IPHONEOS_DEPLOYMENT_TARGET = 16.4;
				MARKETING_VERSION = 1.0;
				PRODUCT_BUNDLE_IDENTIFIER = "personal.bit-mortgageTests";
				PRODUCT_NAME = "$(TARGET_NAME)";
				SWIFT_EMIT_LOC_STRINGS = NO;
				SWIFT_VERSION = 5.0;
				TARGETED_DEVICE_FAMILY = "1,2";
				TEST_HOST = "$(BUILT_PRODUCTS_DIR)/bit.mortgage.app/$(BUNDLE_EXECUTABLE_FOLDER_PATH)/bit.mortgage";
			};
			name = Debug;
		};
		AFFE6E3F29E1CCDE00C9A00E /* Release */ = {
			isa = XCBuildConfiguration;
			buildSettings = {
				ALWAYS_EMBED_SWIFT_STANDARD_LIBRARIES = YES;
				BUNDLE_LOADER = "$(TEST_HOST)";
				CODE_SIGN_STYLE = Automatic;
				CURRENT_PROJECT_VERSION = 1;
				DEVELOPMENT_TEAM = 2JBV2B2A9A;
				GENERATE_INFOPLIST_FILE = YES;
				IPHONEOS_DEPLOYMENT_TARGET = 16.4;
				MARKETING_VERSION = 1.0;
				PRODUCT_BUNDLE_IDENTIFIER = "personal.bit-mortgageTests";
				PRODUCT_NAME = "$(TARGET_NAME)";
				SWIFT_EMIT_LOC_STRINGS = NO;
				SWIFT_VERSION = 5.0;
				TARGETED_DEVICE_FAMILY = "1,2";
				TEST_HOST = "$(BUILT_PRODUCTS_DIR)/bit.mortgage.app/$(BUNDLE_EXECUTABLE_FOLDER_PATH)/bit.mortgage";
			};
			name = Release;
		};
		AFFE6E4129E1CCDE00C9A00E /* Debug */ = {
			isa = XCBuildConfiguration;
			buildSettings = {
				ALWAYS_EMBED_SWIFT_STANDARD_LIBRARIES = YES;
				CODE_SIGN_STYLE = Automatic;
				CURRENT_PROJECT_VERSION = 1;
				DEVELOPMENT_TEAM = 2JBV2B2A9A;
				GENERATE_INFOPLIST_FILE = YES;
				MARKETING_VERSION = 1.0;
				PRODUCT_BUNDLE_IDENTIFIER = "personal.bit-mortgageUITests";
				PRODUCT_NAME = "$(TARGET_NAME)";
				SWIFT_EMIT_LOC_STRINGS = NO;
				SWIFT_VERSION = 5.0;
				TARGETED_DEVICE_FAMILY = "1,2";
				TEST_TARGET_NAME = bit.mortgage;
			};
			name = Debug;
		};
		AFFE6E4229E1CCDE00C9A00E /* Release */ = {
			isa = XCBuildConfiguration;
			buildSettings = {
				ALWAYS_EMBED_SWIFT_STANDARD_LIBRARIES = YES;
				CODE_SIGN_STYLE = Automatic;
				CURRENT_PROJECT_VERSION = 1;
				DEVELOPMENT_TEAM = 2JBV2B2A9A;
				GENERATE_INFOPLIST_FILE = YES;
				MARKETING_VERSION = 1.0;
				PRODUCT_BUNDLE_IDENTIFIER = "personal.bit-mortgageUITests";
				PRODUCT_NAME = "$(TARGET_NAME)";
				SWIFT_EMIT_LOC_STRINGS = NO;
				SWIFT_VERSION = 5.0;
				TARGETED_DEVICE_FAMILY = "1,2";
				TEST_TARGET_NAME = bit.mortgage;
			};
			name = Release;
		};
/* End XCBuildConfiguration section */

/* Begin XCConfigurationList section */
		AFFE6E1129E1CCDD00C9A00E /* Build configuration list for PBXProject "bit.mortgage" */ = {
			isa = XCConfigurationList;
			buildConfigurations = (
				AFFE6E3829E1CCDE00C9A00E /* Debug */,
				AFFE6E3929E1CCDE00C9A00E /* Release */,
			);
			defaultConfigurationIsVisible = 0;
			defaultConfigurationName = Release;
		};
		AFFE6E3A29E1CCDE00C9A00E /* Build configuration list for PBXNativeTarget "bit.mortgage" */ = {
			isa = XCConfigurationList;
			buildConfigurations = (
				AFFE6E3B29E1CCDE00C9A00E /* Debug */,
				AFFE6E3C29E1CCDE00C9A00E /* Release */,
			);
			defaultConfigurationIsVisible = 0;
			defaultConfigurationName = Release;
		};
		AFFE6E3D29E1CCDE00C9A00E /* Build configuration list for PBXNativeTarget "bit.mortgageTests" */ = {
			isa = XCConfigurationList;
			buildConfigurations = (
				AFFE6E3E29E1CCDE00C9A00E /* Debug */,
				AFFE6E3F29E1CCDE00C9A00E /* Release */,
			);
			defaultConfigurationIsVisible = 0;
			defaultConfigurationName = Release;
		};
		AFFE6E4029E1CCDE00C9A00E /* Build configuration list for PBXNativeTarget "bit.mortgageUITests" */ = {
			isa = XCConfigurationList;
			buildConfigurations = (
				AFFE6E4129E1CCDE00C9A00E /* Debug */,
				AFFE6E4229E1CCDE00C9A00E /* Release */,
			);
			defaultConfigurationIsVisible = 0;
			defaultConfigurationName = Release;
		};
/* End XCConfigurationList section */

/* Begin XCRemoteSwiftPackageReference section */
		AFFE6E4329E2612700C9A00E /* XCRemoteSwiftPackageReference "SwiftSoup" */ = {
			isa = XCRemoteSwiftPackageReference;
			repositoryURL = "https://github.com/scinfu/SwiftSoup.git";
			requirement = {
				kind = upToNextMajorVersion;
				minimumVersion = 2.0.0;
			};
		};
/* End XCRemoteSwiftPackageReference section */

/* Begin XCSwiftPackageProductDependency section */
		AFFE6E4429E2612700C9A00E /* SwiftSoup */ = {
			isa = XCSwiftPackageProductDependency;
			package = AFFE6E4329E2612700C9A00E /* XCRemoteSwiftPackageReference "SwiftSoup" */;
			productName = SwiftSoup;
		};
/* End XCSwiftPackageProductDependency section */
	};
	rootObject = AFFE6E0E29E1CCDD00C9A00E /* Project object */;
}
